
Microsoft Visual Studio Solution File, Format Version 12.00
# Visual Studio Version 16
VisualStudioVersion = 16.0.30804.86
MinimumVisualStudioVersion = 10.0.40219.1
Project("{FAE04EC0-301F-11D3-BF4B-00C04F79EFBC}") = "01_Gold_Badge_Challenges_Komodo_Cafe", "01_Gold_Badge_Challenges_Komodo_Cafe\01_Gold_Badge_Challenges_Komodo_Cafe.csproj", "{17B1428A-9305-4358-A48D-ED873FAA84CD}"
EndProject
Project("{FAE04EC0-301F-11D3-BF4B-00C04F79EFBC}") = "Komodo_Cafe_App", "Komodo_Cafe_App\Komodo_Cafe_App.csproj", "{F2C2F332-55AF-40D0-B4FD-D5E938A53192}"
EndProject
Project("{2150E333-8FDC-42A3-9474-1A3956D46DE8}") = "Solution Items", "Solution Items", "{59D2427E-C937-43ED-8380-5F45F54DA11D}"
	ProjectSection(SolutionItems) = preProject
		Cafe_Notes.txt = Cafe_Notes.txt
		Claims_Notes.txt = Claims_Notes.txt
		Insurance_Notes.txt = Insurance_Notes.txt
	EndProjectSection
EndProject
Project("{FAE04EC0-301F-11D3-BF4B-00C04F79EFBC}") = "01_Komodo_Cafe_Test", "01_Komodo_Cafe_Test\01_Komodo_Cafe_Test.csproj", "{8F195B92-8BEA-4DBF-ABA4-AC8936B5716F}"
EndProject
Project("{FAE04EC0-301F-11D3-BF4B-00C04F79EFBC}") = "02_Komodo_Claims_Dept", "02_Komodo_Claims_Dept\02_Komodo_Claims_Dept.csproj", "{FE062CF5-5108-4AA0-ADA0-756D14CC47F2}"
EndProject
Project("{FAE04EC0-301F-11D3-BF4B-00C04F79EFBC}") = "02_Komodo_Claims_App", "02_Komodo_Claims_App\02_Komodo_Claims_App.csproj", "{C9083DE5-8EE0-4909-86E5-A4EC5ADD8D71}"
EndProject
Project("{FAE04EC0-301F-11D3-BF4B-00C04F79EFBC}") = "JunkYard", "JunkYard\JunkYard.csproj", "{8846AE24-D0EF-4455-A85C-90C62DA6FD03}"
EndProject
Project("{FAE04EC0-301F-11D3-BF4B-00C04F79EFBC}") = "02_Komodo_Claims_Test", "02_Komodo_Claims_Test\02_Komodo_Claims_Test.csproj", "{C207E2AD-9AF7-4E34-836E-8F641025017E}"
EndProject
Project("{FAE04EC0-301F-11D3-BF4B-00C04F79EFBC}") = "03_Komodo_Insurance", "03_Komodo_Insurance\03_Komodo_Insurance.csproj", "{CCA152A9-49FC-477D-A47A-923AC0A13076}"
EndProject
Project("{FAE04EC0-301F-11D3-BF4B-00C04F79EFBC}") = "03_Komodo_Insurance_App", "03_Komodo_Insurance_App\03_Komodo_Insurance_App.csproj", "{B418A4C4-2B79-4FC2-8685-626A23F6E9E3}"
EndProject
Project("{FAE04EC0-301F-11D3-BF4B-00C04F79EFBC}") = "03_Komodo_Insurance_Test", "03_Komodo_Insurance_Test\03_Komodo_Insurance_Test.csproj", "{FB16B64D-387B-4843-9972-58408A07526A}"
EndProject
Global
	GlobalSection(SolutionConfigurationPlatforms) = preSolution
		Debug|Any CPU = Debug|Any CPU
		Release|Any CPU = Release|Any CPU
	EndGlobalSection
	GlobalSection(ProjectConfigurationPlatforms) = postSolution
		{17B1428A-9305-4358-A48D-ED873FAA84CD}.Debug|Any CPU.ActiveCfg = Debug|Any CPU
		{17B1428A-9305-4358-A48D-ED873FAA84CD}.Debug|Any CPU.Build.0 = Debug|Any CPU
		{17B1428A-9305-4358-A48D-ED873FAA84CD}.Release|Any CPU.ActiveCfg = Release|Any CPU
		{17B1428A-9305-4358-A48D-ED873FAA84CD}.Release|Any CPU.Build.0 = Release|Any CPU
		{F2C2F332-55AF-40D0-B4FD-D5E938A53192}.Debug|Any CPU.ActiveCfg = Debug|Any CPU
		{F2C2F332-55AF-40D0-B4FD-D5E938A53192}.Debug|Any CPU.Build.0 = Debug|Any CPU
		{F2C2F332-55AF-40D0-B4FD-D5E938A53192}.Release|Any CPU.ActiveCfg = Release|Any CPU
		{F2C2F332-55AF-40D0-B4FD-D5E938A53192}.Release|Any CPU.Build.0 = Release|Any CPU
		{8F195B92-8BEA-4DBF-ABA4-AC8936B5716F}.Debug|Any CPU.ActiveCfg = Debug|Any CPU
		{8F195B92-8BEA-4DBF-ABA4-AC8936B5716F}.Debug|Any CPU.Build.0 = Debug|Any CPU
		{8F195B92-8BEA-4DBF-ABA4-AC8936B5716F}.Release|Any CPU.ActiveCfg = Release|Any CPU
		{8F195B92-8BEA-4DBF-ABA4-AC8936B5716F}.Release|Any CPU.Build.0 = Release|Any CPU
		{FE062CF5-5108-4AA0-ADA0-756D14CC47F2}.Debug|Any CPU.ActiveCfg = Debug|Any CPU
		{FE062CF5-5108-4AA0-ADA0-756D14CC47F2}.Debug|Any CPU.Build.0 = Debug|Any CPU
		{FE062CF5-5108-4AA0-ADA0-756D14CC47F2}.Release|Any CPU.ActiveCfg = Release|Any CPU
		{FE062CF5-5108-4AA0-ADA0-756D14CC47F2}.Release|Any CPU.Build.0 = Release|Any CPU
		{C9083DE5-8EE0-4909-86E5-A4EC5ADD8D71}.Debug|Any CPU.ActiveCfg = Debug|Any CPU
		{C9083DE5-8EE0-4909-86E5-A4EC5ADD8D71}.Debug|Any CPU.Build.0 = Debug|Any CPU
		{C9083DE5-8EE0-4909-86E5-A4EC5ADD8D71}.Release|Any CPU.ActiveCfg = Release|Any CPU
		{C9083DE5-8EE0-4909-86E5-A4EC5ADD8D71}.Release|Any CPU.Build.0 = Release|Any CPU
		{8846AE24-D0EF-4455-A85C-90C62DA6FD03}.Debug|Any CPU.ActiveCfg = Debug|Any CPU
		{8846AE24-D0EF-4455-A85C-90C62DA6FD03}.Debug|Any CPU.Build.0 = Debug|Any CPU
		{8846AE24-D0EF-4455-A85C-90C62DA6FD03}.Release|Any CPU.ActiveCfg = Release|Any CPU
		{8846AE24-D0EF-4455-A85C-90C62DA6FD03}.Release|Any CPU.Build.0 = Release|Any CPU
		{C207E2AD-9AF7-4E34-836E-8F641025017E}.Debug|Any CPU.ActiveCfg = Debug|Any CPU
		{C207E2AD-9AF7-4E34-836E-8F641025017E}.Debug|Any CPU.Build.0 = Debug|Any CPU
		{C207E2AD-9AF7-4E34-836E-8F641025017E}.Release|Any CPU.ActiveCfg = Release|Any CPU
		{C207E2AD-9AF7-4E34-836E-8F641025017E}.Release|Any CPU.Build.0 = Release|Any CPU
		{CCA152A9-49FC-477D-A47A-923AC0A13076}.Debug|Any CPU.ActiveCfg = Debug|Any CPU
		{CCA152A9-49FC-477D-A47A-923AC0A13076}.Debug|Any CPU.Build.0 = Debug|Any CPU
		{CCA152A9-49FC-477D-A47A-923AC0A13076}.Release|Any CPU.ActiveCfg = Release|Any CPU
		{CCA152A9-49FC-477D-A47A-923AC0A13076}.Release|Any CPU.Build.0 = Release|Any CPU
		{B418A4C4-2B79-4FC2-8685-626A23F6E9E3}.Debug|Any CPU.ActiveCfg = Debug|Any CPU
		{B418A4C4-2B79-4FC2-8685-626A23F6E9E3}.Debug|Any CPU.Build.0 = Debug|Any CPU
		{B418A4C4-2B79-4FC2-8685-626A23F6E9E3}.Release|Any CPU.ActiveCfg = Release|Any CPU
		{B418A4C4-2B79-4FC2-8685-626A23F6E9E3}.Release|Any CPU.Build.0 = Release|Any CPU
		{FB16B64D-387B-4843-9972-58408A07526A}.Debug|Any CPU.ActiveCfg = Debug|Any CPU
		{FB16B64D-387B-4843-9972-58408A07526A}.Debug|Any CPU.Build.0 = Debug|Any CPU
		{FB16B64D-387B-4843-9972-58408A07526A}.Release|Any CPU.ActiveCfg = Release|Any CPU
		{FB16B64D-387B-4843-9972-58408A07526A}.Release|Any CPU.Build.0 = Release|Any CPU
	EndGlobalSection
	GlobalSection(SolutionProperties) = preSolution
		HideSolutionNode = FALSE
	EndGlobalSection
	GlobalSection(ExtensibilityGlobals) = postSolution
		SolutionGuid = {C61C326E-E58A-41E3-A64B-0B128FBDC00A}
	EndGlobalSection
EndGlobal
